{
  "originHash" : "a534bebe81840ad5a784d2ebf43b30508568e59217b5693d1cd7787aafb6ff99",
  "pins" : [
    {
      "identity" : "drops",
      "kind" : "remoteSourceControl",
      "location" : "https://github.com/omaralbeik/Drops.git",
      "state" : {
        "branch" : "main",
        "revision" : "5824681795286c36bdc4a493081a63e64e2a064e"
      }
    },
    {
      "identity" : "grdb.swift",
      "kind" : "remoteSourceControl",
      "location" : "https://github.com/groue/GRDB.swift.git",
      "state" : {
        "revision" : "2cf6c756e1e5ef6901ebae16576a7e4e4b834622",
        "version" : "6.29.3"
      }
    },
    {
      "identity" : "marqueelabel",
      "kind" : "remoteSourceControl",
      "location" : "https://github.com/cbpowell/MarqueeLabel",
      "state" : {
        "branch" : "master",
        "revision" : "18e4787f4dc1c26d2d581c4bc9aeae34686eeeae"
      }
    },
    {
      "identity" : "nuke",
      "kind" : "remoteSourceControl",
      "location" : "https://github.com/kean/Nuke.git",
      "state" : {
        "branch" : "main",
        "revision" : "c7ba4833b1b38f09e9708858aeaf91babc69f65c"
      }
    },
    {
      "identity" : "soracore",
      "kind" : "remoteSourceControl",
      "location" : "https://github.com/cranci1/SoraCore",
      "state" : {
        "revision" : "50ddc160fd606e9708adefc1d9fc7003b574446b"
      }
    },
    {
      "identity" : "swiftsoup",
      "kind" : "remoteSourceControl",
      "location" : "https://github.com/scinfu/SwiftSoup.git",
      "state" : {
        "branch" : "master",
        "revision" : "6778a6db3e1dc95a33fb16918c79221ea2db9000"
      }
    }
  ],
  "version" : 3
}
